{
  "version": 4,
  "terraform_version": "1.4.6",
  "serial": 1,
  "lineage": "6b938c91-2777-e757-795f-615ae91b63a7",
  "outputs": {},
  "resources": [
    {
      "mode": "managed",
      "type": "scaleway_object_bucket",
      "name": "scaleway-management",
      "provider": "provider[\"registry.terraform.io/scaleway/scaleway\"]",
      "instances": [
        {
          "schema_version": 0,
          "attributes": {
            "acl": "private",
            "cors_rule": [],
            "endpoint": "https://scaleway-management.s3.fr-par.scw.cloud",
            "force_destroy": false,
            "id": "fr-par/scaleway-management",
            "lifecycle_rule": [],
            "name": "scaleway-management",
            "object_lock_enabled": false,
            "project_id": "5e40a076-f4e5-4328-8052-1a543614ec45",
            "region": "fr-par",
            "tags": null,
            "timeouts": null,
            "versioning": [
              {
                "enabled": true
              }
            ]
          },
          "sensitive_attributes": [],
          "private": "eyJlMmJmYjczMC1lY2FhLTExZTYtOGY4OC0zNDM2M2JjN2M0YzAiOnsiY3JlYXRlIjo2MDAwMDAwMDAwMDAsImRlZmF1bHQiOjYwMDAwMDAwMDAwMCwiZGVsZXRlIjo2MDAwMDAwMDAwMDAsInJlYWQiOjYwMDAwMDAwMDAwMCwidXBkYXRlIjo2MDAwMDAwMDAwMDB9fQ=="
        }
      ]
    }
  ],
  "check_results": null
}
